
Microsoft Visual Studio Solution File, Format Version 12.00
# Visual Studio 15
VisualStudioVersion = 15.0.28010.0
MinimumVisualStudioVersion = 10.0.40219.1
Project("{6EC3EE1D-3C4E-46DD-8F32-0CC8E7565705}") = "CosmoStore", "src\CosmoStore\CosmoStore.fsproj", "{862E2BCC-921F-4FD6-B720-7AB99E23F99F}"
EndProject
Project("{6EC3EE1D-3C4E-46DD-8F32-0CC8E7565705}") = "CosmoStore.CosmosDb", "src\CosmoStore.CosmosDb\CosmoStore.CosmosDb.fsproj", "{A1A8DE36-2FAA-46E5-A8D8-A23E99FBC06D}"
EndProject
Project("{6EC3EE1D-3C4E-46DD-8F32-0CC8E7565705}") = "CosmoStore.TableStorage", "src\CosmoStore.TableStorage\CosmoStore.TableStorage.fsproj", "{D3522364-A916-493A-BBB3-31160797EBDD}"
EndProject
Project("{6EC3EE1D-3C4E-46DD-8F32-0CC8E7565705}") = "CosmoStore.CosmosDb.Tests", "tests\CosmoStore.CosmosDb.Tests\CosmoStore.CosmosDb.Tests.fsproj", "{5CC3BEF2-8956-496D-88A1-B5FF50492913}"
EndProject
Project("{6EC3EE1D-3C4E-46DD-8F32-0CC8E7565705}") = "CosmoStore.Tests", "tests\CosmoStore.Tests\CosmoStore.Tests.fsproj", "{7692339F-A387-4A18-853C-D9452D95E003}"
EndProject
Project("{6EC3EE1D-3C4E-46DD-8F32-0CC8E7565705}") = "CosmoStore.TableStorage.Tests", "tests\CosmoStore.TableStorage.Tests\CosmoStore.TableStorage.Tests.fsproj", "{82DAD518-6A67-4312-9BD3-8BCA973C7E99}"
EndProject
Project("{F2A71F9B-5D33-465A-A702-920D77279786}") = "CosmoStore.Marten", "src\CosmoStore.Marten\CosmoStore.Marten.fsproj", "{467D3AF5-B24F-4F58-BCC3-F4C0E96BDCE9}"
EndProject
Project("{F2A71F9B-5D33-465A-A702-920D77279786}") = "CosmoStore.Marten.Tests", "tests\CosmoStore.Marten.Tests\CosmoStore.Marten.Tests.fsproj", "{406F6716-B4FC-453A-ADC8-5215F98A0AB6}"
EndProject
Project("{F2A71F9B-5D33-465A-A702-920D77279786}") = "CosmoStore.InMemory", "src\CosmoStore.InMemory\CosmoStore.InMemory.fsproj", "{61AA1E68-BFED-4C37-8616-A7D56259A452}"
EndProject
Project("{F2A71F9B-5D33-465A-A702-920D77279786}") = "CosmoStore.InMemory.Tests", "tests\CosmoStore.InMemory.Tests\CosmoStore.InMemory.Tests.fsproj", "{A11AC6EB-9E23-4E9F-87F0-99EF38F0779B}"
EndProject
Project("{F2A71F9B-5D33-465A-A702-920D77279786}") = "CosmoStore.CosmosDb.Tests.V2", "tests\CosmoStore.CosmosDb.Tests.V2\CosmoStore.CosmosDb.Tests.V2.fsproj", "{FE7B0AD7-2BF3-422B-8F34-1A6EA9D981FE}"
EndProject
Project("{F2A71F9B-5D33-465A-A702-920D77279786}") = "CosmoStore.TableStorage.Tests.V2", "tests\CosmoStore.TableStorage.Tests.V2\CosmoStore.TableStorage.Tests.V2.fsproj", "{049F25E8-E168-4392-B5BC-D728503AA669}"
EndProject
Project("{F2A71F9B-5D33-465A-A702-920D77279786}") = "CosmoStore.LiteDb.Tests", "tests\CosmoStore.LiteDb.Tests\CosmoStore.LiteDb.Tests.fsproj", "{F650A944-1EA8-4F75-BA64-638DC23F1803}"
EndProject
Project("{F2A71F9B-5D33-465A-A702-920D77279786}") = "CosmoStore.LiteDb", "src\CosmoStore.LiteDb\CosmoStore.LiteDb.fsproj", "{FF45293C-AC51-486D-838B-FCAA92CC3945}"
EndProject
Project("{F2A71F9B-5D33-465A-A702-920D77279786}") = "CosmoStore.ServiceStack", "src\CosmoStore.ServiceStack\CosmoStore.ServiceStack.fsproj", "{0D420A66-D745-478D-8E85-2D769180F90D}"
EndProject
Project("{F2A71F9B-5D33-465A-A702-920D77279786}") = "CosmoStore.ServiceStack.Tests", "tests\CosmoStore.ServiceStack.Tests\CosmoStore.ServiceStack.Tests.fsproj", "{1A10A7DE-F206-4FFA-A837-81EA4476416A}"
EndProject
Project("{2150E333-8FDC-42A3-9474-1A3956D46DE8}") = "Build", "Build", "{71E74B41-D00A-4FD5-98E6-EE703BFBCAA9}"
EndProject
Project("{F2A71F9B-5D33-465A-A702-920D77279786}") = "Build", "Build.fsproj", "{932561ED-1781-4ED8-9E2F-6969DD857A55}"
EndProject
Global
	GlobalSection(SolutionConfigurationPlatforms) = preSolution
		Debug|Any CPU = Debug|Any CPU
		Release|Any CPU = Release|Any CPU
	EndGlobalSection
	GlobalSection(ProjectConfigurationPlatforms) = postSolution
		{862E2BCC-921F-4FD6-B720-7AB99E23F99F}.Debug|Any CPU.ActiveCfg = Debug|Any CPU
		{862E2BCC-921F-4FD6-B720-7AB99E23F99F}.Debug|Any CPU.Build.0 = Debug|Any CPU
		{862E2BCC-921F-4FD6-B720-7AB99E23F99F}.Release|Any CPU.ActiveCfg = Release|Any CPU
		{862E2BCC-921F-4FD6-B720-7AB99E23F99F}.Release|Any CPU.Build.0 = Release|Any CPU
		{A1A8DE36-2FAA-46E5-A8D8-A23E99FBC06D}.Debug|Any CPU.ActiveCfg = Debug|Any CPU
		{A1A8DE36-2FAA-46E5-A8D8-A23E99FBC06D}.Debug|Any CPU.Build.0 = Debug|Any CPU
		{A1A8DE36-2FAA-46E5-A8D8-A23E99FBC06D}.Release|Any CPU.ActiveCfg = Release|Any CPU
		{A1A8DE36-2FAA-46E5-A8D8-A23E99FBC06D}.Release|Any CPU.Build.0 = Release|Any CPU
		{D3522364-A916-493A-BBB3-31160797EBDD}.Debug|Any CPU.ActiveCfg = Debug|Any CPU
		{D3522364-A916-493A-BBB3-31160797EBDD}.Debug|Any CPU.Build.0 = Debug|Any CPU
		{D3522364-A916-493A-BBB3-31160797EBDD}.Release|Any CPU.ActiveCfg = Release|Any CPU
		{D3522364-A916-493A-BBB3-31160797EBDD}.Release|Any CPU.Build.0 = Release|Any CPU
		{5CC3BEF2-8956-496D-88A1-B5FF50492913}.Debug|Any CPU.ActiveCfg = Debug|Any CPU
		{5CC3BEF2-8956-496D-88A1-B5FF50492913}.Debug|Any CPU.Build.0 = Debug|Any CPU
		{5CC3BEF2-8956-496D-88A1-B5FF50492913}.Release|Any CPU.ActiveCfg = Release|Any CPU
		{5CC3BEF2-8956-496D-88A1-B5FF50492913}.Release|Any CPU.Build.0 = Release|Any CPU
		{7692339F-A387-4A18-853C-D9452D95E003}.Debug|Any CPU.ActiveCfg = Debug|Any CPU
		{7692339F-A387-4A18-853C-D9452D95E003}.Debug|Any CPU.Build.0 = Debug|Any CPU
		{7692339F-A387-4A18-853C-D9452D95E003}.Release|Any CPU.ActiveCfg = Release|Any CPU
		{7692339F-A387-4A18-853C-D9452D95E003}.Release|Any CPU.Build.0 = Release|Any CPU
		{82DAD518-6A67-4312-9BD3-8BCA973C7E99}.Debug|Any CPU.ActiveCfg = Debug|Any CPU
		{82DAD518-6A67-4312-9BD3-8BCA973C7E99}.Debug|Any CPU.Build.0 = Debug|Any CPU
		{82DAD518-6A67-4312-9BD3-8BCA973C7E99}.Release|Any CPU.ActiveCfg = Release|Any CPU
		{82DAD518-6A67-4312-9BD3-8BCA973C7E99}.Release|Any CPU.Build.0 = Release|Any CPU
		{467D3AF5-B24F-4F58-BCC3-F4C0E96BDCE9}.Debug|Any CPU.ActiveCfg = Debug|Any CPU
		{467D3AF5-B24F-4F58-BCC3-F4C0E96BDCE9}.Debug|Any CPU.Build.0 = Debug|Any CPU
		{467D3AF5-B24F-4F58-BCC3-F4C0E96BDCE9}.Release|Any CPU.ActiveCfg = Release|Any CPU
		{467D3AF5-B24F-4F58-BCC3-F4C0E96BDCE9}.Release|Any CPU.Build.0 = Release|Any CPU
		{406F6716-B4FC-453A-ADC8-5215F98A0AB6}.Debug|Any CPU.ActiveCfg = Debug|Any CPU
		{406F6716-B4FC-453A-ADC8-5215F98A0AB6}.Debug|Any CPU.Build.0 = Debug|Any CPU
		{406F6716-B4FC-453A-ADC8-5215F98A0AB6}.Release|Any CPU.ActiveCfg = Release|Any CPU
		{406F6716-B4FC-453A-ADC8-5215F98A0AB6}.Release|Any CPU.Build.0 = Release|Any CPU
		{61AA1E68-BFED-4C37-8616-A7D56259A452}.Debug|Any CPU.ActiveCfg = Debug|Any CPU
		{61AA1E68-BFED-4C37-8616-A7D56259A452}.Debug|Any CPU.Build.0 = Debug|Any CPU
		{61AA1E68-BFED-4C37-8616-A7D56259A452}.Release|Any CPU.ActiveCfg = Release|Any CPU
		{61AA1E68-BFED-4C37-8616-A7D56259A452}.Release|Any CPU.Build.0 = Release|Any CPU
		{A11AC6EB-9E23-4E9F-87F0-99EF38F0779B}.Debug|Any CPU.ActiveCfg = Debug|Any CPU
		{A11AC6EB-9E23-4E9F-87F0-99EF38F0779B}.Debug|Any CPU.Build.0 = Debug|Any CPU
		{A11AC6EB-9E23-4E9F-87F0-99EF38F0779B}.Release|Any CPU.ActiveCfg = Release|Any CPU
		{A11AC6EB-9E23-4E9F-87F0-99EF38F0779B}.Release|Any CPU.Build.0 = Release|Any CPU
		{FE7B0AD7-2BF3-422B-8F34-1A6EA9D981FE}.Debug|Any CPU.ActiveCfg = Debug|Any CPU
		{FE7B0AD7-2BF3-422B-8F34-1A6EA9D981FE}.Debug|Any CPU.Build.0 = Debug|Any CPU
		{FE7B0AD7-2BF3-422B-8F34-1A6EA9D981FE}.Release|Any CPU.ActiveCfg = Release|Any CPU
		{FE7B0AD7-2BF3-422B-8F34-1A6EA9D981FE}.Release|Any CPU.Build.0 = Release|Any CPU
		{049F25E8-E168-4392-B5BC-D728503AA669}.Debug|Any CPU.ActiveCfg = Debug|Any CPU
		{049F25E8-E168-4392-B5BC-D728503AA669}.Debug|Any CPU.Build.0 = Debug|Any CPU
		{049F25E8-E168-4392-B5BC-D728503AA669}.Release|Any CPU.ActiveCfg = Release|Any CPU
		{049F25E8-E168-4392-B5BC-D728503AA669}.Release|Any CPU.Build.0 = Release|Any CPU
		{F650A944-1EA8-4F75-BA64-638DC23F1803}.Debug|Any CPU.ActiveCfg = Debug|Any CPU
		{F650A944-1EA8-4F75-BA64-638DC23F1803}.Debug|Any CPU.Build.0 = Debug|Any CPU
		{F650A944-1EA8-4F75-BA64-638DC23F1803}.Release|Any CPU.ActiveCfg = Release|Any CPU
		{F650A944-1EA8-4F75-BA64-638DC23F1803}.Release|Any CPU.Build.0 = Release|Any CPU
		{FF45293C-AC51-486D-838B-FCAA92CC3945}.Debug|Any CPU.ActiveCfg = Debug|Any CPU
		{FF45293C-AC51-486D-838B-FCAA92CC3945}.Debug|Any CPU.Build.0 = Debug|Any CPU
		{FF45293C-AC51-486D-838B-FCAA92CC3945}.Release|Any CPU.ActiveCfg = Release|Any CPU
		{FF45293C-AC51-486D-838B-FCAA92CC3945}.Release|Any CPU.Build.0 = Release|Any CPU
		{0D420A66-D745-478D-8E85-2D769180F90D}.Debug|Any CPU.ActiveCfg = Debug|Any CPU
		{0D420A66-D745-478D-8E85-2D769180F90D}.Debug|Any CPU.Build.0 = Debug|Any CPU
		{0D420A66-D745-478D-8E85-2D769180F90D}.Release|Any CPU.ActiveCfg = Release|Any CPU
		{0D420A66-D745-478D-8E85-2D769180F90D}.Release|Any CPU.Build.0 = Release|Any CPU
		{1A10A7DE-F206-4FFA-A837-81EA4476416A}.Debug|Any CPU.ActiveCfg = Debug|Any CPU
		{1A10A7DE-F206-4FFA-A837-81EA4476416A}.Debug|Any CPU.Build.0 = Debug|Any CPU
		{1A10A7DE-F206-4FFA-A837-81EA4476416A}.Release|Any CPU.ActiveCfg = Release|Any CPU
		{1A10A7DE-F206-4FFA-A837-81EA4476416A}.Release|Any CPU.Build.0 = Release|Any CPU
		{932561ED-1781-4ED8-9E2F-6969DD857A55}.Debug|Any CPU.ActiveCfg = Debug|Any CPU
		{932561ED-1781-4ED8-9E2F-6969DD857A55}.Debug|Any CPU.Build.0 = Debug|Any CPU
		{932561ED-1781-4ED8-9E2F-6969DD857A55}.Release|Any CPU.ActiveCfg = Release|Any CPU
		{932561ED-1781-4ED8-9E2F-6969DD857A55}.Release|Any CPU.Build.0 = Release|Any CPU
	EndGlobalSection
	GlobalSection(SolutionProperties) = preSolution
		HideSolutionNode = FALSE
	EndGlobalSection
	GlobalSection(ExtensibilityGlobals) = postSolution
		SolutionGuid = {161A8544-C38A-4264-826A-230062D22194}
	EndGlobalSection
	GlobalSection(NestedProjects) = preSolution
		{058D6307-B865-49E9-BF08-A721B1CE3AA7} = {B0586636-E0F7-438F-B11A-315940D4A108}
		{0D420A66-D745-478D-8E85-2D769180F90D} = {8D2D896F-F43D-4B17-9176-631BBE6D69A7}
		{1A10A7DE-F206-4FFA-A837-81EA4476416A} = {42726C1A-1D90-4AB7-8E1F-C5BC8A102D3F}
		{932561ED-1781-4ED8-9E2F-6969DD857A55} = {71E74B41-D00A-4FD5-98E6-EE703BFBCAA9}
	EndGlobalSection
EndGlobal
