
Microsoft Visual Studio Solution File, Format Version 12.00
# Visual Studio 15
VisualStudioVersion = 15.0.28010.0
MinimumVisualStudioVersion = 10.0.40219.1
Project("{6EC3EE1D-3C4E-46DD-8F32-0CC8E7565705}") = "CosmoStore", "src\CosmoStore\CosmoStore.fsproj", "{862E2BCC-921F-4FD6-B720-7AB99E23F99F}"
EndProject
Project("{6EC3EE1D-3C4E-46DD-8F32-0CC8E7565705}") = "CosmoStore.Tests", "tests\CosmoStore.Tests\CosmoStore.Tests.fsproj", "{7C9EF46C-93C5-4037-8860-2EF29FADC455}"
EndProject
Project("{F2A71F9B-5D33-465A-A702-920D77279786}") = "CosmoStore.PerformanceTests", "tests\CosmoStore.PerformanceTests\CosmoStore.PerformanceTests.fsproj", "{C88CBEE6-EEBD-4A91-BEA3-FDAD3A1BFBDE}"
EndProject
Global
	GlobalSection(SolutionConfigurationPlatforms) = preSolution
		Debug|Any CPU = Debug|Any CPU
		Release|Any CPU = Release|Any CPU
	EndGlobalSection
	GlobalSection(ProjectConfigurationPlatforms) = postSolution
		{862E2BCC-921F-4FD6-B720-7AB99E23F99F}.Debug|Any CPU.ActiveCfg = Debug|Any CPU
		{862E2BCC-921F-4FD6-B720-7AB99E23F99F}.Debug|Any CPU.Build.0 = Debug|Any CPU
		{862E2BCC-921F-4FD6-B720-7AB99E23F99F}.Release|Any CPU.ActiveCfg = Release|Any CPU
		{862E2BCC-921F-4FD6-B720-7AB99E23F99F}.Release|Any CPU.Build.0 = Release|Any CPU
		{7C9EF46C-93C5-4037-8860-2EF29FADC455}.Debug|Any CPU.ActiveCfg = Debug|Any CPU
		{7C9EF46C-93C5-4037-8860-2EF29FADC455}.Debug|Any CPU.Build.0 = Debug|Any CPU
		{7C9EF46C-93C5-4037-8860-2EF29FADC455}.Release|Any CPU.ActiveCfg = Release|Any CPU
		{7C9EF46C-93C5-4037-8860-2EF29FADC455}.Release|Any CPU.Build.0 = Release|Any CPU
		{C88CBEE6-EEBD-4A91-BEA3-FDAD3A1BFBDE}.Debug|Any CPU.ActiveCfg = Debug|Any CPU
		{C88CBEE6-EEBD-4A91-BEA3-FDAD3A1BFBDE}.Debug|Any CPU.Build.0 = Debug|Any CPU
		{C88CBEE6-EEBD-4A91-BEA3-FDAD3A1BFBDE}.Release|Any CPU.ActiveCfg = Release|Any CPU
		{C88CBEE6-EEBD-4A91-BEA3-FDAD3A1BFBDE}.Release|Any CPU.Build.0 = Release|Any CPU
	EndGlobalSection
	GlobalSection(SolutionProperties) = preSolution
		HideSolutionNode = FALSE
	EndGlobalSection
	GlobalSection(ExtensibilityGlobals) = postSolution
		SolutionGuid = {161A8544-C38A-4264-826A-230062D22194}
	EndGlobalSection
EndGlobal
